
Microsoft Visual Studio Solution File, Format Version 12.00
# Visual Studio Version 16
VisualStudioVersion = 16.0.36602.28
MinimumVisualStudioVersion = 10.0.40219.1
Project("{8BC9CEB8-8B4A-11D0-8D11-00A0C91BC942}") = "BasicCalculator", "BasicCalculator.vcxproj", "{FFA75FF5-347B-40D5-AF93-8F1042FD376A}"
EndProject
Global
	GlobalSection(SolutionConfigurationPlatforms) = preSolution
		Debug|x64 = Debug|x64
		Debug|x86 = Debug|x86
		Release|x64 = Release|x64
		Release|x86 = Release|x86
	EndGlobalSection
	GlobalSection(ProjectConfigurationPlatforms) = postSolution
		{FFA75FF5-347B-40D5-AF93-8F1042FD376A}.Debug|x64.ActiveCfg = Debug|x64
		{FFA75FF5-347B-40D5-AF93-8F1042FD376A}.Debug|x64.Build.0 = Debug|x64
		{FFA75FF5-347B-40D5-AF93-8F1042FD376A}.Debug|x86.ActiveCfg = Debug|Win32
		{FFA75FF5-347B-40D5-AF93-8F1042FD376A}.Debug|x86.Build.0 = Debug|Win32
		{FFA75FF5-347B-40D5-AF93-8F1042FD376A}.Release|x64.ActiveCfg = Release|x64
		{FFA75FF5-347B-40D5-AF93-8F1042FD376A}.Release|x64.Build.0 = Release|x64
		{FFA75FF5-347B-40D5-AF93-8F1042FD376A}.Release|x86.ActiveCfg = Release|Win32
		{FFA75FF5-347B-40D5-AF93-8F1042FD376A}.Release|x86.Build.0 = Release|Win32
	EndGlobalSection
	GlobalSection(SolutionProperties) = preSolution
		HideSolutionNode = FALSE
	EndGlobalSection
	GlobalSection(ExtensibilityGlobals) = postSolution
		SolutionGuid = {B0064DF5-193E-4C58-B0B5-5D3EC3BAFBA3}
	EndGlobalSection
EndGlobal
