<?xml version="1.0" encoding="utf-8"?>
<Project ToolsVersion="4.0" xmlns="http://schemas.microsoft.com/developer/msbuild/2003">
  <ItemGroup>
    <Filter Include="Source Files">
      <UniqueIdentifier>{4FC737F1-C7A5-4376-A066-2A32D752A2FF}</UniqueIdentifier>
      <Extensions>cpp;c;cc;cxx;c++;cppm;ixx;def;odl;idl;hpj;bat;asm;asmx</Extensions>
    </Filter>
    <Filter Include="Header Files">
      <UniqueIdentifier>{93995380-89BD-4b04-88EB-625FBE52EBFB}</UniqueIdentifier>
      <Extensions>h;hh;hpp;hxx;h++;hm;inl;inc;ipp;xsd</Extensions>
    </Filter>
    <Filter Include="Resource Files">
      <UniqueIdentifier>{67DA6AB6-F800-4c08-8B7A-83BB121AAD01}</UniqueIdentifier>
      <Extensions>rc;ico;cur;bmp;dlg;rc2;rct;bin;rgs;gif;jpg;jpeg;jpe;resx;tiff;tif;png;wav;mfcribbon-ms</Extensions>
    </Filter>
    <Filter Include="Resource Files\Calculation">
      <UniqueIdentifier>{9f32986e-1bfe-40e4-8ff2-df215f46c78e}</UniqueIdentifier>
    </Filter>
    <Filter Include="Resource Files\ErrorHandling">
      <UniqueIdentifier>{de09c89f-b43a-4cae-8c1e-809c7632f493}</UniqueIdentifier>
    </Filter>
    <Filter Include="Resource Files\UI">
      <UniqueIdentifier>{18a968ec-40b3-4119-b2b7-be5398845e0c}</UniqueIdentifier>
    </Filter>
  </ItemGroup>
  <ItemGroup>
    <ClCompile Include="main.cpp">
      <Filter>Source Files</Filter>
    </ClCompile>
    <ClCompile Include="Calculations\BC_Calculation.cpp">
      <Filter>Resource Files\Calculation</Filter>
    </ClCompile>
    <ClCompile Include="ErrorHandling\BC_ErrorHandling.cpp">
      <Filter>Resource Files\ErrorHandling</Filter>
    </ClCompile>
    <ClCompile Include="UI\BC_UI.cpp">
      <Filter>Resource Files\UI</Filter>
    </ClCompile>
  </ItemGroup>
  <ItemGroup>
    <ClInclude Include="Calculations\BC_Calculation.h">
      <Filter>Resource Files\Calculation</Filter>
    </ClInclude>
    <ClInclude Include="ErrorHandling\BC_ErrorHandling.h">
      <Filter>Resource Files\ErrorHandling</Filter>
    </ClInclude>
    <ClInclude Include="UI\BC_UI.h">
      <Filter>Resource Files\UI</Filter>
    </ClInclude>
  </ItemGroup>
</Project>